
Microsoft Visual Studio Solution File, Format Version 12.00
# Visual Studio Version 17
VisualStudioVersion = 17.8.34525.116
MinimumVisualStudioVersion = 10.0.40219.1
Project("{FAE04EC0-301F-11D3-BF4B-00C04F79EFBC}") = "ExpressionTrees", "ExpressionTrees\ExpressionTrees.csproj", "{48D367CC-C8D7-409B-8B77-164F08B492D3}"
EndProject
Global
	GlobalSection(SolutionConfigurationPlatforms) = preSolution
		Debug|Any CPU = Debug|Any CPU
		Release|Any CPU = Release|Any CPU
	EndGlobalSection
	GlobalSection(ProjectConfigurationPlatforms) = postSolution
		{48D367CC-C8D7-409B-8B77-164F08B492D3}.Debug|Any CPU.ActiveCfg = Debug|Any CPU
		{48D367CC-C8D7-409B-8B77-164F08B492D3}.Debug|Any CPU.Build.0 = Debug|Any CPU
		{48D367CC-C8D7-409B-8B77-164F08B492D3}.Release|Any CPU.ActiveCfg = Release|Any CPU
		{48D367CC-C8D7-409B-8B77-164F08B492D3}.Release|Any CPU.Build.0 = Release|Any CPU
	EndGlobalSection
	GlobalSection(SolutionProperties) = preSolution
		HideSolutionNode = FALSE
	EndGlobalSection
	GlobalSection(ExtensibilityGlobals) = postSolution
		SolutionGuid = {5E4996B5-B481-4E27-A71C-ADB4A3C77CF1}
	EndGlobalSection
EndGlobal
